
Microsoft Visual Studio Solution File, Format Version 12.00
# Visual Studio 14
VisualStudioVersion = 14.0.25420.1
MinimumVisualStudioVersion = 10.0.40219.1
Project("{FAE04EC0-301F-11D3-BF4B-00C04F79EFBC}") = "cs408project_server", "cs408project_server\cs408project_server.csproj", "{C3A3FC9D-ECAC-4D7F-B6AB-D85DF03CF8CF}"
EndProject
Global
	GlobalSection(SolutionConfigurationPlatforms) = preSolution
		Debug|Any CPU = Debug|Any CPU
		Release|Any CPU = Release|Any CPU
	EndGlobalSection
	GlobalSection(ProjectConfigurationPlatforms) = postSolution
		{C3A3FC9D-ECAC-4D7F-B6AB-D85DF03CF8CF}.Debug|Any CPU.ActiveCfg = Debug|Any CPU
		{C3A3FC9D-ECAC-4D7F-B6AB-D85DF03CF8CF}.Debug|Any CPU.Build.0 = Debug|Any CPU
		{C3A3FC9D-ECAC-4D7F-B6AB-D85DF03CF8CF}.Release|Any CPU.ActiveCfg = Release|Any CPU
		{C3A3FC9D-ECAC-4D7F-B6AB-D85DF03CF8CF}.Release|Any CPU.Build.0 = Release|Any CPU
	EndGlobalSection
	GlobalSection(SolutionProperties) = preSolution
		HideSolutionNode = FALSE
	EndGlobalSection
EndGlobal
